{
  "nodes": {
    "autopilot": {
      "inputs": {
        "nixpkgs": [
          "nixpkgs"
        ],
        "parts": [
          "parts"
        ],
        "systems": [
          "systems"
        ]
      },
      "locked": {
        "lastModified": 1783748853,
        "narHash": "sha256-bSgJBmYNJCP+HOkqG+eK5K6dZhsSrxpvrh6VopXpC4U=",
        "owner": "stepbrobd",
        "repo": "autopilot",
        "rev": "11f97d6b78dfcc90b35593ca92c1e5688c13c924",
        "type": "github"
      },
      "original": {
        "owner": "stepbrobd",
        "repo": "autopilot",
        "type": "github"
      }
    },
    "crane": {
      "locked": {
        "lastModified": 1784248371,
        "narHash": "sha256-0l0Y4D4wbZhp1Oi6h8OpbLtIm/4FN88oCf54MK2ZgiM=",
        "owner": "ipetkov",
        "repo": "crane",
        "rev": "f7d151ec0bf52cf9662e2f59d7bea28588c2f070",
        "type": "github"
      },
      "original": {
        "owner": "ipetkov",
        "repo": "crane",
        "type": "github"
      }
    },
    "fenix": {
      "inputs": {
        "nixpkgs": [
          "nixpkgs"
        ],
        "rust-analyzer-src": "rust-analyzer-src"
      },
      "locked": {
        "lastModified": 1784276287,
        "narHash": "sha256-xXONk0mfpVtFSaZZp21bjw1eRud0dFJ2jpVQ/TQX7ZY=",
        "owner": "nix-community",
        "repo": "fenix",
        "rev": "3181005f932fbae4626c6a6dca5b728742656d9e",
        "type": "github"
      },
      "original": {
        "owner": "nix-community",
        "repo": "fenix",
        "type": "github"
      }
    },
    "nixpkgs": {
      "locked": {
        "lastModified": 1784282293,
        "narHash": "sha256-IpX7tmVJi9seHg5M4Wuexy78bQDlbntVk1HcT9kFts4=",
        "owner": "nixos",
        "repo": "nixpkgs",
        "rev": "a47c123a609287a012dfc44d281de2dd4ed13394",
        "type": "github"
      },
      "original": {
        "owner": "nixos",
        "ref": "nixpkgs-unstable",
        "repo": "nixpkgs",
        "type": "github"
      }
    },
    "parts": {
      "inputs": {
        "nixpkgs-lib": [
          "nixpkgs"
        ]
      },
      "locked": {
        "lastModified": 1782949081,
        "narHash": "sha256-vp6Y/Grm98ESt6ceOkWiHWyZRDV3J1RID4w+6NWK9yA=",
        "owner": "hercules-ci",
        "repo": "flake-parts",
        "rev": "17c9d6cdfc60c64f4ee8d306f9bc0b4ccb51481e",
        "type": "github"
      },
      "original": {
        "owner": "hercules-ci",
        "repo": "flake-parts",
        "type": "github"
      }
    },
    "root": {
      "inputs": {
        "autopilot": "autopilot",
        "crane": "crane",
        "fenix": "fenix",
        "nixpkgs": "nixpkgs",
        "parts": "parts",
        "systems": "systems"
      }
    },
    "rust-analyzer-src": {
      "flake": false,
      "locked": {
        "lastModified": 1784247776,
        "narHash": "sha256-GiZgiGRmDl773Y8wEnS1Vs/KJICXwYYspYSuKS0dhLc=",
        "owner": "rust-lang",
        "repo": "rust-analyzer",
        "rev": "7d5fff4b1a86097dda2b8bb899eaf5cf6b6827d5",
        "type": "github"
      },
      "original": {
        "owner": "rust-lang",
        "ref": "nightly",
        "repo": "rust-analyzer",
        "type": "github"
      }
    },
    "systems": {
      "locked": {
        "lastModified": 1776166891,
        "narHash": "sha256-bI8yrEGjrohR5hkQox7UrxDH7XqrYMwI8SL/LrJ1+S8=",
        "owner": "nix-systems",
        "repo": "triplet",
        "rev": "6de7bc09397911ce03636afbcf6118745ab2cda0",
        "type": "github"
      },
      "original": {
        "owner": "nix-systems",
        "repo": "triplet",
        "type": "github"
      }
    }
  },
  "root": "root",
  "version": 7
}
